
Microsoft Visual Studio Solution File, Format Version 12.00
# Visual Studio Version 17
VisualStudioVersion = 17.8.34316.72
MinimumVisualStudioVersion = 10.0.40219.1
Project("{FAE04EC0-301F-11D3-BF4B-00C04F79EFBC}") = "project", "project\project.csproj", "{FBFCE8AC-8E68-44B0-A5C7-6C3374E8481F}"
EndProject
Global
	GlobalSection(SolutionConfigurationPlatforms) = preSolution
		Debug|Any CPU = Debug|Any CPU
		Release|Any CPU = Release|Any CPU
	EndGlobalSection
	GlobalSection(ProjectConfigurationPlatforms) = postSolution
		{FBFCE8AC-8E68-44B0-A5C7-6C3374E8481F}.Debug|Any CPU.ActiveCfg = Debug|Any CPU
		{FBFCE8AC-8E68-44B0-A5C7-6C3374E8481F}.Debug|Any CPU.Build.0 = Debug|Any CPU
		{FBFCE8AC-8E68-44B0-A5C7-6C3374E8481F}.Release|Any CPU.ActiveCfg = Release|Any CPU
		{FBFCE8AC-8E68-44B0-A5C7-6C3374E8481F}.Release|Any CPU.Build.0 = Release|Any CPU
	EndGlobalSection
	GlobalSection(SolutionProperties) = preSolution
		HideSolutionNode = FALSE
	EndGlobalSection
	GlobalSection(ExtensibilityGlobals) = postSolution
		SolutionGuid = {D8A2EE55-8A17-43B6-9068-5301402A42D8}
	EndGlobalSection
EndGlobal
